# THIS IS AN AUTOGENERATED FILE. DO NOT EDIT THIS FILE DIRECTLY.
# yarn lockfile v1


react-image-zooom@^1.2.0:
  version "1.2.0"
  resolved "https://registry.yarnpkg.com/react-image-zooom/-/react-image-zooom-1.2.0.tgz#4c85043d53b075f1c3dd75d3aeb4acdb22a17a3a"
  integrity sha512-EzAhLpJj5QGgKZDuGjqpxnuMqtkro6+9k8xU3VtEbqJbnC9NPcQtx4sNGEtcfutbsw7oWCTziVxH/mYd1PG3oA==

"vtex.add-to-cart-button@http://vtex.vtexassets.com/_v/public/typings/v1/vtex.add-to-cart-button@0.28.0/public/@types/vtex.add-to-cart-button":
  version "0.28.0"
  resolved "http://vtex.vtexassets.com/_v/public/typings/v1/vtex.add-to-cart-button@0.28.0/public/@types/vtex.add-to-cart-button#9d9b0ead453d431c1a5277077614735851526e61"

"vtex.availability-notify@http://vtex.vtexassets.com/_v/public/typings/v1/vtex.availability-notify@1.8.6/public/@types/vtex.availability-notify":
  version "1.8.6"
  resolved "http://vtex.vtexassets.com/_v/public/typings/v1/vtex.availability-notify@1.8.6/public/@types/vtex.availability-notify#7e5bf263432f1964fa8afb4f59259118b2ee1a07"

"vtex.breadcrumb@http://vtex.vtexassets.com/_v/public/typings/v1/vtex.breadcrumb@1.9.4/public/@types/vtex.breadcrumb":
  version "1.9.4"
  resolved "http://vtex.vtexassets.com/_v/public/typings/v1/vtex.breadcrumb@1.9.4/public/@types/vtex.breadcrumb#624d6ddbd839bccd2b08e10f0f5f4a0509de834b"

"vtex.checkout-summary@http://vtex.vtexassets.com/_v/public/typings/v1/vtex.checkout-summary@0.21.0/public/@types/vtex.checkout-summary":
  version "0.21.0"
  resolved "http://vtex.vtexassets.com/_v/public/typings/v1/vtex.checkout-summary@0.21.0/public/@types/vtex.checkout-summary#9d73508dd858775d54dde039d5e53a04c1ec509d"

"vtex.css-handles@http://vtex.vtexassets.com/_v/public/typings/v1/vtex.css-handles@1.0.0/public/@types/vtex.css-handles":
  version "1.0.0"
  resolved "http://vtex.vtexassets.com/_v/public/typings/v1/vtex.css-handles@1.0.0/public/@types/vtex.css-handles#336b23ef3a9bcb2b809529ba736783acd405d081"

"vtex.flex-layout@http://vtex.vtexassets.com/_v/public/typings/v1/vtex.flex-layout@0.20.1/public/@types/vtex.flex-layout":
  version "0.20.1"
  resolved "http://vtex.vtexassets.com/_v/public/typings/v1/vtex.flex-layout@0.20.1/public/@types/vtex.flex-layout#dce9424c910091f0ba1f5229ce8ae80c9f7b7765"

"vtex.formatted-price@http://vtex.vtexassets.com/_v/public/typings/v1/vtex.formatted-price@0.5.0/public/@types/vtex.formatted-price":
  version "0.5.0"
  resolved "http://vtex.vtexassets.com/_v/public/typings/v1/vtex.formatted-price@0.5.0/public/@types/vtex.formatted-price#83cdbfaaa285def9342c6dc1d0d39e858c06afe5"

"vtex.list-context@http://vtex.vtexassets.com/_v/public/typings/v1/vtex.list-context@0.2.0/public/@types/vtex.list-context":
  version "0.2.0"
  resolved "http://vtex.vtexassets.com/_v/public/typings/v1/vtex.list-context@0.2.0/public/@types/vtex.list-context#935b748d394851ced7f3b06bbedf59f4ee3ca8a6"

"vtex.locale-switcher@http://vtex.vtexassets.com/_v/public/typings/v1/vtex.locale-switcher@0.5.6/public/@types/vtex.locale-switcher":
  version "0.5.6"
  resolved "http://vtex.vtexassets.com/_v/public/typings/v1/vtex.locale-switcher@0.5.6/public/@types/vtex.locale-switcher#5db8558af5593d65e4fff3da0903d0081dfcab42"

"vtex.login@http://vtex.vtexassets.com/_v/public/typings/v1/vtex.login@2.53.0/public/@types/vtex.login":
  version "2.53.0"
  resolved "http://vtex.vtexassets.com/_v/public/typings/v1/vtex.login@2.53.0/public/@types/vtex.login#1c75e2011b491ad683281d0447d476c51d37ac68"

"vtex.menu@http://vtex.vtexassets.com/_v/public/typings/v1/vtex.menu@2.34.25/public/@types/vtex.menu":
  version "2.34.25"
  resolved "http://vtex.vtexassets.com/_v/public/typings/v1/vtex.menu@2.34.25/public/@types/vtex.menu#3f4c3aa3b5f8c396d1a630703862d354681ae5a2"

"vtex.minicart@http://vtex.vtexassets.com/_v/public/typings/v1/vtex.minicart@2.63.5/public/@types/vtex.minicart":
  version "2.63.5"
  resolved "http://vtex.vtexassets.com/_v/public/typings/v1/vtex.minicart@2.63.5/public/@types/vtex.minicart#1a7763f5187241bd709beecd2a81ab5d96bd50be"

"vtex.modal-layout@http://vtex.vtexassets.com/_v/public/typings/v1/vtex.modal-layout@0.13.0/public/@types/vtex.modal-layout":
  version "0.13.0"
  resolved "http://vtex.vtexassets.com/_v/public/typings/v1/vtex.modal-layout@0.13.0/public/@types/vtex.modal-layout#394972b7d8c7ecd9ea941785c39cd873fbe37fad"

"vtex.my-account@http://vtex.vtexassets.com/_v/public/typings/v1/vtex.my-account@1.25.0/public/@types/vtex.my-account":
  version "1.25.0"
  resolved "http://vtex.vtexassets.com/_v/public/typings/v1/vtex.my-account@1.25.0/public/@types/vtex.my-account#3bc46389c0aa28f4e3e2e008fe3690f5901b1f2a"

"vtex.order-items@http://vtex.vtexassets.com/_v/public/typings/v1/vtex.order-items@0.13.21/public/@types/vtex.order-items":
  version "0.13.21"
  resolved "http://vtex.vtexassets.com/_v/public/typings/v1/vtex.order-items@0.13.21/public/@types/vtex.order-items#b88b2d267bc1b2877cae92e657b3934d4f01a960"

"vtex.order-manager@http://vtex.vtexassets.com/_v/public/typings/v1/vtex.order-manager@0.12.0/public/@types/vtex.order-manager":
  version "0.12.0"
  resolved "http://vtex.vtexassets.com/_v/public/typings/v1/vtex.order-manager@0.12.0/public/@types/vtex.order-manager#2cf6a9d2a31bc503b783c257695b0d17c09b5696"

"vtex.product-context@http://vtex.vtexassets.com/_v/public/typings/v1/vtex.product-context@0.10.0/public/@types/vtex.product-context":
  version "0.10.0"
  resolved "http://vtex.vtexassets.com/_v/public/typings/v1/vtex.product-context@0.10.0/public/@types/vtex.product-context#c5e2a97b404004681ee12f4fff7e6b62157786cc"

"vtex.product-list@http://vtex.vtexassets.com/_v/public/typings/v1/vtex.product-list@0.35.1/public/@types/vtex.product-list":
  version "0.35.1"
  resolved "http://vtex.vtexassets.com/_v/public/typings/v1/vtex.product-list@0.35.1/public/@types/vtex.product-list#1f7363bbde3bce1a0f58b2f9bdad8c632aac496d"

"vtex.product-quantity@http://vtex.vtexassets.com/_v/public/typings/v1/vtex.product-quantity@1.8.1/public/@types/vtex.product-quantity":
  version "1.8.1"
  resolved "http://vtex.vtexassets.com/_v/public/typings/v1/vtex.product-quantity@1.8.1/public/@types/vtex.product-quantity#170c9cfb981d41dc99f1977467eebaac28f1945d"

"vtex.product-review-interfaces@http://vtex.vtexassets.com/_v/public/typings/v1/vtex.product-review-interfaces@1.0.2/public/_types/react":
  version "1.0.2"
  resolved "http://vtex.vtexassets.com/_v/public/typings/v1/vtex.product-review-interfaces@1.0.2/public/_types/react#84d1997cdae079d1401611f3d4a4619ed914673f"

"vtex.product-specification-badges@http://vtex.vtexassets.com/_v/public/typings/v1/vtex.product-specification-badges@0.3.0/public/@types/vtex.product-specification-badges":
  version "0.3.0"
  resolved "http://vtex.vtexassets.com/_v/public/typings/v1/vtex.product-specification-badges@0.3.0/public/@types/vtex.product-specification-badges#2df6b189acfabf642504df02d7b8ad406ee90c07"

"vtex.product-summary@http://vtex.vtexassets.com/_v/public/typings/v1/vtex.product-summary@2.80.1/public/@types/vtex.product-summary":
  version "2.80.1"
  resolved "http://vtex.vtexassets.com/_v/public/typings/v1/vtex.product-summary@2.80.1/public/@types/vtex.product-summary#1210c99a487010c96c987033056e81437dcb289a"

"vtex.render-runtime@http://vtex.vtexassets.com/_v/public/typings/v1/vtex.render-runtime@8.132.4/public/@types/vtex.render-runtime":
  version "8.132.4"
  resolved "http://vtex.vtexassets.com/_v/public/typings/v1/vtex.render-runtime@8.132.4/public/@types/vtex.render-runtime#66bb41bd4d342e37c9d85172aad5f7eefebfb6dc"

"vtex.rich-text@http://vtex.vtexassets.com/_v/public/typings/v1/vtex.rich-text@0.15.0/public/@types/vtex.rich-text":
  version "0.15.0"
  resolved "http://vtex.vtexassets.com/_v/public/typings/v1/vtex.rich-text@0.15.0/public/@types/vtex.rich-text#f23416cea64e72531069e58f1b137dfdb5b4b510"

"vtex.sandbox@http://vtex.vtexassets.com/_v/public/typings/v1/vtex.sandbox@0.5.1/public/@types/vtex.sandbox":
  version "0.5.1"
  resolved "http://vtex.vtexassets.com/_v/public/typings/v1/vtex.sandbox@0.5.1/public/@types/vtex.sandbox#be4a4153a0864282fdfbe0d63501daa3978fe6dc"

"vtex.search-result@http://vtex.vtexassets.com/_v/public/typings/v1/vtex.search-result@3.118.14/public/@types/vtex.search-result":
  version "3.118.14"
  resolved "http://vtex.vtexassets.com/_v/public/typings/v1/vtex.search-result@3.118.14/public/@types/vtex.search-result#6804ec3f3d57b9f576a5f9faf46eff770402a967"

"vtex.shelf@http://vtex.vtexassets.com/_v/public/typings/v1/vtex.shelf@1.47.2/public/@types/vtex.shelf":
  version "1.47.2"
  resolved "http://vtex.vtexassets.com/_v/public/typings/v1/vtex.shelf@1.47.2/public/@types/vtex.shelf#9b61c9584703c48d5fa0b7db12d13fe12e0a247c"

"vtex.slider-layout@http://vtex.vtexassets.com/_v/public/typings/v1/vtex.slider-layout@0.22.2/public/@types/vtex.slider-layout":
  version "0.22.2"
  resolved "http://vtex.vtexassets.com/_v/public/typings/v1/vtex.slider-layout@0.22.2/public/@types/vtex.slider-layout#0367df6d1205fad5e414684732cc5e13b60533c7"

"vtex.slider@http://vtex.vtexassets.com/_v/public/typings/v1/vtex.slider@0.8.3/public/@types/vtex.slider":
  version "0.8.3"
  resolved "http://vtex.vtexassets.com/_v/public/typings/v1/vtex.slider@0.8.3/public/@types/vtex.slider#9b7be08012a5d3ec41fdc651235a964cb5f7db85"

"vtex.store-components@http://vtex.vtexassets.com/_v/public/typings/v1/vtex.store-components@3.162.2/public/@types/vtex.store-components":
  version "3.162.2"
  resolved "http://vtex.vtexassets.com/_v/public/typings/v1/vtex.store-components@3.162.2/public/@types/vtex.store-components#f065b741b78c044c2f5f6549b6c1b1afd5a227c7"

"vtex.store-drawer@http://vtex.vtexassets.com/_v/public/typings/v1/vtex.store-drawer@0.16.2/public/@types/vtex.store-drawer":
  version "0.16.2"
  resolved "http://vtex.vtexassets.com/_v/public/typings/v1/vtex.store-drawer@0.16.2/public/@types/vtex.store-drawer#3e3a0e07babcf623922f1eb0c85185bcd12b8002"

"vtex.store-footer@http://vtex.vtexassets.com/_v/public/typings/v1/vtex.store-footer@2.25.0/public/@types/vtex.store-footer":
  version "2.25.0"
  resolved "http://vtex.vtexassets.com/_v/public/typings/v1/vtex.store-footer@2.25.0/public/@types/vtex.store-footer#8a6c11f53c281793609b03b205f5f7cadac70b4f"

"vtex.store-header@http://vtex.vtexassets.com/_v/public/typings/v1/vtex.store-header@2.28.0/public/@types/vtex.store-header":
  version "2.28.0"
  resolved "http://vtex.vtexassets.com/_v/public/typings/v1/vtex.store-header@2.28.0/public/@types/vtex.store-header#4aa32ed928e0a3ff6b6d4bd35bc3f1641988c1a8"

"vtex.store-icons@http://vtex.vtexassets.com/_v/public/typings/v1/vtex.store-icons@0.18.0/public/@types/vtex.store-icons":
  version "0.18.0"
  resolved "http://vtex.vtexassets.com/_v/public/typings/v1/vtex.store-icons@0.18.0/public/@types/vtex.store-icons#0ee94d549aa283ce3a13ab987c13eac4fdfd1bba"

"vtex.store-image@http://vtex.vtexassets.com/_v/public/typings/v1/vtex.store-image@0.14.2/public/@types/vtex.store-image":
  version "0.14.2"
  resolved "http://vtex.vtexassets.com/_v/public/typings/v1/vtex.store-image@0.14.2/public/@types/vtex.store-image#8110d7fe7a27c8e08cab98f52426ca239be38694"

"vtex.store@http://vtex.vtexassets.com/_v/public/typings/v1/vtex.store@2.127.0/public/@types/vtex.store":
  version "2.127.0"
  resolved "http://vtex.vtexassets.com/_v/public/typings/v1/vtex.store@2.127.0/public/@types/vtex.store#d78eafaef1ea6f4e87cbc7adc869bff44e437329"

"vtex.styleguide@http://vtex.vtexassets.com/_v/public/typings/v1/vtex.styleguide@9.146.1/public/@types/vtex.styleguide":
  version "9.146.1"
  resolved "http://vtex.vtexassets.com/_v/public/typings/v1/vtex.styleguide@9.146.1/public/@types/vtex.styleguide#66db40ca1b78ad77ce4beedabecee320e1ef2ead"

"vtex.tab-layout@http://vtex.vtexassets.com/_v/public/typings/v1/vtex.tab-layout@0.4.3/public/@types/vtex.tab-layout":
  version "0.4.3"
  resolved "http://vtex.vtexassets.com/_v/public/typings/v1/vtex.tab-layout@0.4.3/public/@types/vtex.tab-layout#579ee7ffabb55ce7ed271b0af1015f41c49b7f30"

"vtex.telemarketing@http://vtex.vtexassets.com/_v/public/typings/v1/vtex.telemarketing@2.11.1/public/@types/vtex.telemarketing":
  version "2.11.1"
  resolved "http://vtex.vtexassets.com/_v/public/typings/v1/vtex.telemarketing@2.11.1/public/@types/vtex.telemarketing#747a47bc888fce4032b384338dfc45c1f3e538ce"

"vtex.wish-list@http://vtex.vtexassets.com/_v/public/typings/v1/vtex.wish-list@1.15.0/public/@types/vtex.wish-list":
  version "1.15.0"
  resolved "http://vtex.vtexassets.com/_v/public/typings/v1/vtex.wish-list@1.15.0/public/@types/vtex.wish-list#6cb5a10eea71cc533c2e47b9d4d5dfd9270b0775"

"vtexeurope.minicart-freeshipping-bar@http://vtexeurope.vtexassets.com/_v/public/typings/v1/vtexeurope.minicart-freeshipping-bar@1.2.0/public/@types/vtexeurope.minicart-freeshipping-bar":
  version "1.2.0"
  resolved "http://vtexeurope.vtexassets.com/_v/public/typings/v1/vtexeurope.minicart-freeshipping-bar@1.2.0/public/@types/vtexeurope.minicart-freeshipping-bar#eed890ab929c6cb61b2aa2a39b6a3e604358640c"
